
Microsoft Visual Studio Solution File, Format Version 12.00
# Visual Studio Version 17
VisualStudioVersion = 17.0.31903.59
MinimumVisualStudioVersion = 10.0.40219.1
Project("{2150E333-8FDC-42A3-9474-1A3956D46DE8}") = "src", "src", "{02EA681E-C7D8-13C7-8484-4AC65E1B71E8}"
EndProject
Project("{2150E333-8FDC-42A3-9474-1A3956D46DE8}") = "tests", "tests", "{15D35520-EFAC-4EEC-8A84-0D50D5F8E286}"
EndProject
Project("{FAE04EC0-301F-11D3-BF4B-00C04F79EFBC}") = "DomAid.Domain", "src\DomAid.Domain\DomAid.Domain.csproj", "{567FFEA7-D5C0-4CBA-85A5-2A261A07B2AE}"
EndProject
Project("{FAE04EC0-301F-11D3-BF4B-00C04F79EFBC}") = "DomAid.Domain.Tests", "tests\DomAid.Domain.Tests\DomAid.Domain.Tests.csproj", "{24FA640B-1ADA-49C9-9302-DC89061E3E1C}"
EndProject
Global
	GlobalSection(SolutionConfigurationPlatforms) = preSolution
		Debug|Any CPU = Debug|Any CPU
		Release|Any CPU = Release|Any CPU
	EndGlobalSection
	GlobalSection(ProjectConfigurationPlatforms) = postSolution
		{567FFEA7-D5C0-4CBA-85A5-2A261A07B2AE}.Debug|Any CPU.ActiveCfg = Debug|Any CPU
		{567FFEA7-D5C0-4CBA-85A5-2A261A07B2AE}.Debug|Any CPU.Build.0 = Debug|Any CPU
		{567FFEA7-D5C0-4CBA-85A5-2A261A07B2AE}.Release|Any CPU.ActiveCfg = Release|Any CPU
		{567FFEA7-D5C0-4CBA-85A5-2A261A07B2AE}.Release|Any CPU.Build.0 = Release|Any CPU
		{24FA640B-1ADA-49C9-9302-DC89061E3E1C}.Debug|Any CPU.ActiveCfg = Debug|Any CPU
		{24FA640B-1ADA-49C9-9302-DC89061E3E1C}.Debug|Any CPU.Build.0 = Debug|Any CPU
		{24FA640B-1ADA-49C9-9302-DC89061E3E1C}.Release|Any CPU.ActiveCfg = Release|Any CPU
		{24FA640B-1ADA-49C9-9302-DC89061E3E1C}.Release|Any CPU.Build.0 = Release|Any CPU
	EndGlobalSection
	GlobalSection(SolutionProperties) = preSolution
		HideSolutionNode = FALSE
	EndGlobalSection
	GlobalSection(NestedProjects) = preSolution
		{567FFEA7-D5C0-4CBA-85A5-2A261A07B2AE} = {02EA681E-C7D8-13C7-8484-4AC65E1B71E8}
		{24FA640B-1ADA-49C9-9302-DC89061E3E1C} = {15D35520-EFAC-4EEC-8A84-0D50D5F8E286}
	EndGlobalSection
	GlobalSection(ExtensibilityGlobals) = postSolution
		SolutionGuid = {724A885C-3E8F-445E-AE6D-342E1AEEF389}
	EndGlobalSection
EndGlobal
